
Microsoft Visual Studio Solution File, Format Version 12.00
# Visual Studio Version 17
VisualStudioVersion = 17.5.33627.172
MinimumVisualStudioVersion = 10.0.40219.1
Project("{FAE04EC0-301F-11D3-BF4B-00C04F79EFBC}") = "prac demo enitity framework", "prac demo enitity framework.csproj", "{2921F89E-E936-4CC2-8974-BB52595A1EBA}"
EndProject
Global
	GlobalSection(SolutionConfigurationPlatforms) = preSolution
		Debug|Any CPU = Debug|Any CPU
		Release|Any CPU = Release|Any CPU
	EndGlobalSection
	GlobalSection(ProjectConfigurationPlatforms) = postSolution
		{2921F89E-E936-4CC2-8974-BB52595A1EBA}.Debug|Any CPU.ActiveCfg = Debug|Any CPU
		{2921F89E-E936-4CC2-8974-BB52595A1EBA}.Debug|Any CPU.Build.0 = Debug|Any CPU
		{2921F89E-E936-4CC2-8974-BB52595A1EBA}.Release|Any CPU.ActiveCfg = Release|Any CPU
		{2921F89E-E936-4CC2-8974-BB52595A1EBA}.Release|Any CPU.Build.0 = Release|Any CPU
	EndGlobalSection
	GlobalSection(SolutionProperties) = preSolution
		HideSolutionNode = FALSE
	EndGlobalSection
	GlobalSection(ExtensibilityGlobals) = postSolution
		SolutionGuid = {B6F215D1-BB2D-46CE-AED3-170B22AF5897}
	EndGlobalSection
EndGlobal
